{
  "name": "demo",
  "version": "1.0.0",
  "lockfileVersion": 3,
  "requires": true,
  "packages": {
    "": {
      "name": "demo",
      "version": "1.0.0",
      "devDependencies": {
        "@minecraft/server": "^1.1.0-beta.1.19.60-preview.26",
        "@minecraft/server-admin": "^1.0.0-beta.1.19.60-preview.26",
        "@minecraft/server-gametest": "^1.0.0-beta.1.19.60-preview.26",
        "@minecraft/server-net": "^1.0.0-beta.1.19.60-preview.26",
        "@minecraft/server-ui": "^1.0.0-beta.1.19.60-preview.26"
      }
    },
    "node_modules/@minecraft/server": {
      "version": "1.1.0-beta.1.19.60-preview.26",
      "resolved": "https://registry.npmjs.org/@minecraft/server/-/server-1.1.0-beta.1.19.60-preview.26.tgz",
      "integrity": "sha512-SR8xaw6tTIAsdJuXcpqYiQd8EAtH8QYQPIKlTjqBZEJcQ8HCBxD5kBAECjYBseTnUIOoJx7UOo7nY7CmvKLjoA==",
      "dev": true
    },
    "node_modules/@minecraft/server-admin": {
      "version": "1.0.0-beta.1.19.60-preview.26",
      "resolved": "https://registry.npmjs.org/@minecraft/server-admin/-/server-admin-1.0.0-beta.1.19.60-preview.26.tgz",
      "integrity": "sha512-FB8D/Fi6v3iF5SCero66zk30CezvoJmT6mMTq8N7Q3oNpqaR5cqJrR8ApjkWjyBJFiUKw+4OLhtOXnszJZnw1g==",
      "dev": true
    },
    "node_modules/@minecraft/server-gametest": {
      "version": "1.0.0-beta.1.19.60-preview.26",
      "resolved": "https://registry.npmjs.org/@minecraft/server-gametest/-/server-gametest-1.0.0-beta.1.19.60-preview.26.tgz",
      "integrity": "sha512-wv1CsZXxmuQi5DrlTfF0kMm7gA27c+0MCyYSC/dIBrIDVQJa6CFlwy22B60SHtZCyoufhe8dGxHV6MUROhl5GQ==",
      "dev": true,
      "dependencies": {
        "@minecraft/server": "1.1.0-beta.1.19.60-preview.26"
      }
    },
    "node_modules/@minecraft/server-net": {
      "version": "1.0.0-beta.1.19.60-preview.26",
      "resolved": "https://registry.npmjs.org/@minecraft/server-net/-/server-net-1.0.0-beta.1.19.60-preview.26.tgz",
      "integrity": "sha512-9CzzFZpuOPAUG3zUzCQZYy6ZFhG28Bc7DoH4N9jShc0Icqy2Zi0Eg5//1zZd1MEf1g7dcsWbH872EfJKvqLv6A==",
      "dev": true,
      "dependencies": {
        "@minecraft/server-admin": "1.0.0-beta.1.19.60-preview.26"
      }
    },
    "node_modules/@minecraft/server-ui": {
      "version": "1.0.0-beta.1.19.60-preview.26",
      "resolved": "https://registry.npmjs.org/@minecraft/server-ui/-/server-ui-1.0.0-beta.1.19.60-preview.26.tgz",
      "integrity": "sha512-oZoZlCVh94mgMiQjlmg2aA9b88M0zd4R0QeOJGi/2dhRrhqn1y979SpTlISY4uMeT0lZ41B599nnxZfSloVTyg==",
      "dev": true,
      "dependencies": {
        "@minecraft/server": "1.1.0-beta.1.19.60-preview.26"
      }
    }
  }
}
